
Microsoft Visual Studio Solution File, Format Version 12.00
# Visual Studio Version 17
VisualStudioVersion = 17.3.32811.315
MinimumVisualStudioVersion = 10.0.40219.1
Project("{9A19103F-16F7-4668-BE54-9A1E7A4F7556}") = "Project", "Project\Project.csproj", "{5D5746DC-657B-46F0-B72B-C7076E862DA5}"
EndProject
Project("{9A19103F-16F7-4668-BE54-9A1E7A4F7556}") = "ReadDatabase", "ReadDatabase\ReadDatabase.csproj", "{EB9E21A4-094D-45DD-8AA0-E4D388F3082F}"
EndProject
Project("{9A19103F-16F7-4668-BE54-9A1E7A4F7556}") = "CrudData", "CrudData\CrudData.csproj", "{08410317-2541-4BBF-A14F-09595F532B3D}"
EndProject
Project("{FAE04EC0-301F-11D3-BF4B-00C04F79EFBC}") = "Carsafa", "Carsafa\Carsafa.csproj", "{5E5A1A42-9739-463F-9D92-576AA922C2BC}"
EndProject
Global
	GlobalSection(SolutionConfigurationPlatforms) = preSolution
		Debug|Any CPU = Debug|Any CPU
		Release|Any CPU = Release|Any CPU
	EndGlobalSection
	GlobalSection(ProjectConfigurationPlatforms) = postSolution
		{5D5746DC-657B-46F0-B72B-C7076E862DA5}.Debug|Any CPU.ActiveCfg = Debug|Any CPU
		{5D5746DC-657B-46F0-B72B-C7076E862DA5}.Debug|Any CPU.Build.0 = Debug|Any CPU
		{5D5746DC-657B-46F0-B72B-C7076E862DA5}.Release|Any CPU.ActiveCfg = Release|Any CPU
		{5D5746DC-657B-46F0-B72B-C7076E862DA5}.Release|Any CPU.Build.0 = Release|Any CPU
		{EB9E21A4-094D-45DD-8AA0-E4D388F3082F}.Debug|Any CPU.ActiveCfg = Debug|Any CPU
		{EB9E21A4-094D-45DD-8AA0-E4D388F3082F}.Debug|Any CPU.Build.0 = Debug|Any CPU
		{EB9E21A4-094D-45DD-8AA0-E4D388F3082F}.Release|Any CPU.ActiveCfg = Release|Any CPU
		{EB9E21A4-094D-45DD-8AA0-E4D388F3082F}.Release|Any CPU.Build.0 = Release|Any CPU
		{08410317-2541-4BBF-A14F-09595F532B3D}.Debug|Any CPU.ActiveCfg = Debug|Any CPU
		{08410317-2541-4BBF-A14F-09595F532B3D}.Debug|Any CPU.Build.0 = Debug|Any CPU
		{08410317-2541-4BBF-A14F-09595F532B3D}.Release|Any CPU.ActiveCfg = Release|Any CPU
		{08410317-2541-4BBF-A14F-09595F532B3D}.Release|Any CPU.Build.0 = Release|Any CPU
		{5E5A1A42-9739-463F-9D92-576AA922C2BC}.Debug|Any CPU.ActiveCfg = Debug|Any CPU
		{5E5A1A42-9739-463F-9D92-576AA922C2BC}.Debug|Any CPU.Build.0 = Debug|Any CPU
		{5E5A1A42-9739-463F-9D92-576AA922C2BC}.Release|Any CPU.ActiveCfg = Release|Any CPU
		{5E5A1A42-9739-463F-9D92-576AA922C2BC}.Release|Any CPU.Build.0 = Release|Any CPU
	EndGlobalSection
	GlobalSection(SolutionProperties) = preSolution
		HideSolutionNode = FALSE
	EndGlobalSection
	GlobalSection(ExtensibilityGlobals) = postSolution
		SolutionGuid = {FD8C0737-2687-4318-B6F5-8E642933154F}
	EndGlobalSection
EndGlobal
