
Microsoft Visual Studio Solution File, Format Version 12.00
# Visual Studio Version 17
VisualStudioVersion = 17.4.33213.308
MinimumVisualStudioVersion = 10.0.40219.1
Project("{FAE04EC0-301F-11D3-BF4B-00C04F79EFBC}") = "String Manipulation Part", "String Manipulation Part\String Manipulation Part.csproj", "{D0294DDE-B86C-49F6-AEE5-DB818B65F216}"
EndProject
Global
	GlobalSection(SolutionConfigurationPlatforms) = preSolution
		Debug|Any CPU = Debug|Any CPU
		Release|Any CPU = Release|Any CPU
	EndGlobalSection
	GlobalSection(ProjectConfigurationPlatforms) = postSolution
		{D0294DDE-B86C-49F6-AEE5-DB818B65F216}.Debug|Any CPU.ActiveCfg = Debug|Any CPU
		{D0294DDE-B86C-49F6-AEE5-DB818B65F216}.Debug|Any CPU.Build.0 = Debug|Any CPU
		{D0294DDE-B86C-49F6-AEE5-DB818B65F216}.Release|Any CPU.ActiveCfg = Release|Any CPU
		{D0294DDE-B86C-49F6-AEE5-DB818B65F216}.Release|Any CPU.Build.0 = Release|Any CPU
	EndGlobalSection
	GlobalSection(SolutionProperties) = preSolution
		HideSolutionNode = FALSE
	EndGlobalSection
	GlobalSection(ExtensibilityGlobals) = postSolution
		SolutionGuid = {6189DA0A-F8ED-4F2A-9EF8-75440F658B5D}
	EndGlobalSection
EndGlobal
