
Microsoft Visual Studio Solution File, Format Version 12.00
# Visual Studio Version 17
VisualStudioVersion = 17.7.34018.315
MinimumVisualStudioVersion = 10.0.40219.1
Project("{FAE04EC0-301F-11D3-BF4B-00C04F79EFBC}") = "MVC EF", "MVC EF\MVC EF.csproj", "{91235DF7-E1B1-4491-9FDA-6AF2FBBE2EB7}"
EndProject
Global
	GlobalSection(SolutionConfigurationPlatforms) = preSolution
		Debug|Any CPU = Debug|Any CPU
		Release|Any CPU = Release|Any CPU
	EndGlobalSection
	GlobalSection(ProjectConfigurationPlatforms) = postSolution
		{91235DF7-E1B1-4491-9FDA-6AF2FBBE2EB7}.Debug|Any CPU.ActiveCfg = Debug|Any CPU
		{91235DF7-E1B1-4491-9FDA-6AF2FBBE2EB7}.Debug|Any CPU.Build.0 = Debug|Any CPU
		{91235DF7-E1B1-4491-9FDA-6AF2FBBE2EB7}.Release|Any CPU.ActiveCfg = Release|Any CPU
		{91235DF7-E1B1-4491-9FDA-6AF2FBBE2EB7}.Release|Any CPU.Build.0 = Release|Any CPU
	EndGlobalSection
	GlobalSection(SolutionProperties) = preSolution
		HideSolutionNode = FALSE
	EndGlobalSection
	GlobalSection(ExtensibilityGlobals) = postSolution
		SolutionGuid = {72176F48-00D5-4CA8-9F8E-E6D97060B757}
	EndGlobalSection
EndGlobal
