
Microsoft Visual Studio Solution File, Format Version 12.00
# Visual Studio Version 17
VisualStudioVersion = 17.4.33213.308
MinimumVisualStudioVersion = 10.0.40219.1
Project("{FAE04EC0-301F-11D3-BF4B-00C04F79EFBC}") = "MethodPart", "ClassPractice\MethodPart.csproj", "{6FF0494C-D16D-4A44-B09A-F2F2869DA86F}"
EndProject
Global
	GlobalSection(SolutionConfigurationPlatforms) = preSolution
		Debug|Any CPU = Debug|Any CPU
		Release|Any CPU = Release|Any CPU
	EndGlobalSection
	GlobalSection(ProjectConfigurationPlatforms) = postSolution
		{6FF0494C-D16D-4A44-B09A-F2F2869DA86F}.Debug|Any CPU.ActiveCfg = Debug|Any CPU
		{6FF0494C-D16D-4A44-B09A-F2F2869DA86F}.Debug|Any CPU.Build.0 = Debug|Any CPU
		{6FF0494C-D16D-4A44-B09A-F2F2869DA86F}.Release|Any CPU.ActiveCfg = Release|Any CPU
		{6FF0494C-D16D-4A44-B09A-F2F2869DA86F}.Release|Any CPU.Build.0 = Release|Any CPU
	EndGlobalSection
	GlobalSection(SolutionProperties) = preSolution
		HideSolutionNode = FALSE
	EndGlobalSection
	GlobalSection(ExtensibilityGlobals) = postSolution
		SolutionGuid = {E48AE509-89EF-4F40-82A5-A8FF24620355}
	EndGlobalSection
EndGlobal
