
Microsoft Visual Studio Solution File, Format Version 12.00
# Visual Studio Version 17
VisualStudioVersion = 17.4.33213.308
MinimumVisualStudioVersion = 10.0.40219.1
Project("{FAE04EC0-301F-11D3-BF4B-00C04F79EFBC}") = "Participation Guess A Number", "Participation Guess A Number\Participation Guess A Number.csproj", "{7094DADA-51E9-45D2-8B24-5B0442BF0336}"
EndProject
Global
	GlobalSection(SolutionConfigurationPlatforms) = preSolution
		Debug|Any CPU = Debug|Any CPU
		Release|Any CPU = Release|Any CPU
	EndGlobalSection
	GlobalSection(ProjectConfigurationPlatforms) = postSolution
		{7094DADA-51E9-45D2-8B24-5B0442BF0336}.Debug|Any CPU.ActiveCfg = Debug|Any CPU
		{7094DADA-51E9-45D2-8B24-5B0442BF0336}.Debug|Any CPU.Build.0 = Debug|Any CPU
		{7094DADA-51E9-45D2-8B24-5B0442BF0336}.Release|Any CPU.ActiveCfg = Release|Any CPU
		{7094DADA-51E9-45D2-8B24-5B0442BF0336}.Release|Any CPU.Build.0 = Release|Any CPU
	EndGlobalSection
	GlobalSection(SolutionProperties) = preSolution
		HideSolutionNode = FALSE
	EndGlobalSection
	GlobalSection(ExtensibilityGlobals) = postSolution
		SolutionGuid = {D37B82B1-EC3C-4280-870C-CCDA3B85324B}
	EndGlobalSection
EndGlobal
