
Microsoft Visual Studio Solution File, Format Version 12.00
# Visual Studio Version 17
VisualStudioVersion = 17.7.34018.315
MinimumVisualStudioVersion = 10.0.40219.1
Project("{FAE04EC0-301F-11D3-BF4B-00C04F79EFBC}") = "MVC Participation Beginner", "MVC Participation Beginner\MVC Participation Beginner.csproj", "{157DA91B-98A6-44AE-A97C-1D583EB2AC7D}"
EndProject
Global
	GlobalSection(SolutionConfigurationPlatforms) = preSolution
		Debug|Any CPU = Debug|Any CPU
		Release|Any CPU = Release|Any CPU
	EndGlobalSection
	GlobalSection(ProjectConfigurationPlatforms) = postSolution
		{157DA91B-98A6-44AE-A97C-1D583EB2AC7D}.Debug|Any CPU.ActiveCfg = Debug|Any CPU
		{157DA91B-98A6-44AE-A97C-1D583EB2AC7D}.Debug|Any CPU.Build.0 = Debug|Any CPU
		{157DA91B-98A6-44AE-A97C-1D583EB2AC7D}.Release|Any CPU.ActiveCfg = Release|Any CPU
		{157DA91B-98A6-44AE-A97C-1D583EB2AC7D}.Release|Any CPU.Build.0 = Release|Any CPU
	EndGlobalSection
	GlobalSection(SolutionProperties) = preSolution
		HideSolutionNode = FALSE
	EndGlobalSection
	GlobalSection(ExtensibilityGlobals) = postSolution
		SolutionGuid = {5236EFC5-9525-4D26-A501-35CE5DBC2937}
	EndGlobalSection
EndGlobal
