
Microsoft Visual Studio Solution File, Format Version 12.00
# Visual Studio Version 17
VisualStudioVersion = 17.4.33213.308
MinimumVisualStudioVersion = 10.0.40219.1
Project("{FAE04EC0-301F-11D3-BF4B-00C04F79EFBC}") = "In Class Dictionary", "In Class Dictionary\In Class Dictionary.csproj", "{6939F68A-6AC7-450B-8598-972C3C03094B}"
EndProject
Project("{FAE04EC0-301F-11D3-BF4B-00C04F79EFBC}") = "List", "List\List.csproj", "{91BB2510-8CE2-4194-94EC-98C200FC5795}"
EndProject
Project("{FAE04EC0-301F-11D3-BF4B-00C04F79EFBC}") = "Dictionary", "Dictionary\Dictionary.csproj", "{2CCE78AB-32C7-47B1-A290-2C38065A7187}"
EndProject
Global
	GlobalSection(SolutionConfigurationPlatforms) = preSolution
		Debug|Any CPU = Debug|Any CPU
		Release|Any CPU = Release|Any CPU
	EndGlobalSection
	GlobalSection(ProjectConfigurationPlatforms) = postSolution
		{6939F68A-6AC7-450B-8598-972C3C03094B}.Debug|Any CPU.ActiveCfg = Debug|Any CPU
		{6939F68A-6AC7-450B-8598-972C3C03094B}.Debug|Any CPU.Build.0 = Debug|Any CPU
		{6939F68A-6AC7-450B-8598-972C3C03094B}.Release|Any CPU.ActiveCfg = Release|Any CPU
		{6939F68A-6AC7-450B-8598-972C3C03094B}.Release|Any CPU.Build.0 = Release|Any CPU
		{91BB2510-8CE2-4194-94EC-98C200FC5795}.Debug|Any CPU.ActiveCfg = Debug|Any CPU
		{91BB2510-8CE2-4194-94EC-98C200FC5795}.Debug|Any CPU.Build.0 = Debug|Any CPU
		{91BB2510-8CE2-4194-94EC-98C200FC5795}.Release|Any CPU.ActiveCfg = Release|Any CPU
		{91BB2510-8CE2-4194-94EC-98C200FC5795}.Release|Any CPU.Build.0 = Release|Any CPU
		{2CCE78AB-32C7-47B1-A290-2C38065A7187}.Debug|Any CPU.ActiveCfg = Debug|Any CPU
		{2CCE78AB-32C7-47B1-A290-2C38065A7187}.Debug|Any CPU.Build.0 = Debug|Any CPU
		{2CCE78AB-32C7-47B1-A290-2C38065A7187}.Release|Any CPU.ActiveCfg = Release|Any CPU
		{2CCE78AB-32C7-47B1-A290-2C38065A7187}.Release|Any CPU.Build.0 = Release|Any CPU
	EndGlobalSection
	GlobalSection(SolutionProperties) = preSolution
		HideSolutionNode = FALSE
	EndGlobalSection
	GlobalSection(ExtensibilityGlobals) = postSolution
		SolutionGuid = {3C1F19C8-911A-445E-86F5-375E0F4B8B14}
	EndGlobalSection
EndGlobal
