
Microsoft Visual Studio Solution File, Format Version 12.00
# Visual Studio Version 17
VisualStudioVersion = 17.7.34018.315
MinimumVisualStudioVersion = 10.0.40219.1
Project("{FAE04EC0-301F-11D3-BF4B-00C04F79EFBC}") = "APIPart2", "APIPart2\APIPart2.csproj", "{95624661-064C-435E-B9E1-5A87F87CC047}"
EndProject
Global
	GlobalSection(SolutionConfigurationPlatforms) = preSolution
		Debug|Any CPU = Debug|Any CPU
		Release|Any CPU = Release|Any CPU
	EndGlobalSection
	GlobalSection(ProjectConfigurationPlatforms) = postSolution
		{95624661-064C-435E-B9E1-5A87F87CC047}.Debug|Any CPU.ActiveCfg = Debug|Any CPU
		{95624661-064C-435E-B9E1-5A87F87CC047}.Debug|Any CPU.Build.0 = Debug|Any CPU
		{95624661-064C-435E-B9E1-5A87F87CC047}.Release|Any CPU.ActiveCfg = Release|Any CPU
		{95624661-064C-435E-B9E1-5A87F87CC047}.Release|Any CPU.Build.0 = Release|Any CPU
	EndGlobalSection
	GlobalSection(SolutionProperties) = preSolution
		HideSolutionNode = FALSE
	EndGlobalSection
	GlobalSection(ExtensibilityGlobals) = postSolution
		SolutionGuid = {1E0DBDBB-CF78-40B1-8235-E79CBE190766}
	EndGlobalSection
EndGlobal
