
Microsoft Visual Studio Solution File, Format Version 12.00
# Visual Studio Version 17
VisualStudioVersion = 17.5.33627.172
MinimumVisualStudioVersion = 10.0.40219.1
Project("{FAE04EC0-301F-11D3-BF4B-00C04F79EFBC}") = "FlapGame", "FlapGame\FlapGame.csproj", "{304F250E-FAFC-4BC0-993A-32BE33A8DD24}"
EndProject
Global
	GlobalSection(SolutionConfigurationPlatforms) = preSolution
		Debug|Any CPU = Debug|Any CPU
		Release|Any CPU = Release|Any CPU
	EndGlobalSection
	GlobalSection(ProjectConfigurationPlatforms) = postSolution
		{304F250E-FAFC-4BC0-993A-32BE33A8DD24}.Debug|Any CPU.ActiveCfg = Debug|Any CPU
		{304F250E-FAFC-4BC0-993A-32BE33A8DD24}.Debug|Any CPU.Build.0 = Debug|Any CPU
		{304F250E-FAFC-4BC0-993A-32BE33A8DD24}.Release|Any CPU.ActiveCfg = Release|Any CPU
		{304F250E-FAFC-4BC0-993A-32BE33A8DD24}.Release|Any CPU.Build.0 = Release|Any CPU
	EndGlobalSection
	GlobalSection(SolutionProperties) = preSolution
		HideSolutionNode = FALSE
	EndGlobalSection
	GlobalSection(ExtensibilityGlobals) = postSolution
		SolutionGuid = {D16830E2-2EBD-4972-A27C-AEF3565A5C65}
	EndGlobalSection
EndGlobal
