
Microsoft Visual Studio Solution File, Format Version 12.00
# Visual Studio Version 17
VisualStudioVersion = 17.7.34018.315
MinimumVisualStudioVersion = 10.0.40219.1
Project("{FAE04EC0-301F-11D3-BF4B-00C04F79EFBC}") = "FIrstWPF", "FIrstWPF\FIrstWPF.csproj", "{5239A661-4400-4237-A985-875848A5B3A5}"
EndProject
Global
	GlobalSection(SolutionConfigurationPlatforms) = preSolution
		Debug|Any CPU = Debug|Any CPU
		Release|Any CPU = Release|Any CPU
	EndGlobalSection
	GlobalSection(ProjectConfigurationPlatforms) = postSolution
		{5239A661-4400-4237-A985-875848A5B3A5}.Debug|Any CPU.ActiveCfg = Debug|Any CPU
		{5239A661-4400-4237-A985-875848A5B3A5}.Debug|Any CPU.Build.0 = Debug|Any CPU
		{5239A661-4400-4237-A985-875848A5B3A5}.Release|Any CPU.ActiveCfg = Release|Any CPU
		{5239A661-4400-4237-A985-875848A5B3A5}.Release|Any CPU.Build.0 = Release|Any CPU
	EndGlobalSection
	GlobalSection(SolutionProperties) = preSolution
		HideSolutionNode = FALSE
	EndGlobalSection
	GlobalSection(ExtensibilityGlobals) = postSolution
		SolutionGuid = {E01CF735-4A8C-43FB-88AE-6A0A80A9B06F}
	EndGlobalSection
EndGlobal
