
Microsoft Visual Studio Solution File, Format Version 12.00
# Visual Studio Version 17
VisualStudioVersion = 17.4.33213.308
MinimumVisualStudioVersion = 10.0.40219.1
Project("{FAE04EC0-301F-11D3-BF4B-00C04F79EFBC}") = "Collections Part", "Collections Part\Collections Part.csproj", "{B2AB5A05-AB1D-4607-AB31-423CFE55E3F9}"
EndProject
Global
	GlobalSection(SolutionConfigurationPlatforms) = preSolution
		Debug|Any CPU = Debug|Any CPU
		Release|Any CPU = Release|Any CPU
	EndGlobalSection
	GlobalSection(ProjectConfigurationPlatforms) = postSolution
		{B2AB5A05-AB1D-4607-AB31-423CFE55E3F9}.Debug|Any CPU.ActiveCfg = Debug|Any CPU
		{B2AB5A05-AB1D-4607-AB31-423CFE55E3F9}.Debug|Any CPU.Build.0 = Debug|Any CPU
		{B2AB5A05-AB1D-4607-AB31-423CFE55E3F9}.Release|Any CPU.ActiveCfg = Release|Any CPU
		{B2AB5A05-AB1D-4607-AB31-423CFE55E3F9}.Release|Any CPU.Build.0 = Release|Any CPU
	EndGlobalSection
	GlobalSection(SolutionProperties) = preSolution
		HideSolutionNode = FALSE
	EndGlobalSection
	GlobalSection(ExtensibilityGlobals) = postSolution
		SolutionGuid = {DBD8C312-5350-4ABD-9CBF-84F6573208C7}
	EndGlobalSection
EndGlobal
